// !$*UTF8*$!
{
	archiveVersion = 1;
	classes = {
	};
	objectVersion = 77;
	objects = {

/* Begin PBXContainerItemProxy section */
		0FD6A04B2F2EEDA500B0F4B6 /* PBXContainerItemProxy */ = {
			isa = PBXContainerItemProxy;
			containerPortal = 0FD6A0352F2EEDA400B0F4B6 /* Project object */;
			proxyType = 1;
			remoteGlobalIDString = 0FD6A03C2F2EEDA400B0F4B6;
			remoteInfo = SubStamp;
		};
		0FD6A0552F2EEDA500B0F4B6 /* PBXContainerItemProxy */ = {
			isa = PBXContainerItemProxy;
			containerPortal = 0FD6A0352F2EEDA400B0F4B6 /* Project object */;
			proxyType = 1;
			remoteGlobalIDString = 0FD6A03C2F2EEDA400B0F4B6;
			remoteInfo = SubStamp;
		};
/* End PBXContainerItemProxy section */

/* Begin PBXFileReference section */
		0FD6A03D2F2EEDA400B0F4B6 /* SubStamp.app */ = {isa = PBXFileReference; explicitFileType = wrapper.application; includeInIndex = 0; path = SubStamp.app; sourceTree = BUILT_PRODUCTS_DIR; };
		0FD6A04A2F2EEDA500B0F4B6 /* SubStampTests.xctest */ = {isa = PBXFileReference; explicitFileType = wrapper.cfbundle; includeInIndex = 0; path = SubStampTests.xctest; sourceTree = BUILT_PRODUCTS_DIR; };
		0FD6A0542F2EEDA500B0F4B6 /* SubStampUITests.xctest */ = {isa = PBXFileReference; explicitFileType = wrapper.cfbundle; includeInIndex = 0; path = SubStampUITests.xctest; sourceTree = BUILT_PRODUCTS_DIR; };
/* End PBXFileReference section */

/* Begin PBXFileSystemSynchronizedRootGroup section */
		0FD6A03F2F2EEDA400B0F4B6 /* SubStamp */ = {
			isa = PBXFileSystemSynchronizedRootGroup;
			path = SubStamp;
			sourceTree = "<group>";
		};
		0FD6A04D2F2EEDA500B0F4B6 /* SubStampTests */ = {
			isa = PBXFileSystemSynchronizedRootGroup;
			path = SubStampTests;
			sourceTree = "<group>";
		};
		0FD6A0572F2EEDA500B0F4B6 /* SubStampUITests */ = {
			isa = PBXFileSystemSynchronizedRootGroup;
			path = SubStampUITests;
			sourceTree = "<group>";
		};
/* End PBXFileSystemSynchronizedRootGroup section */

/* Begin PBXFrameworksBuildPhase section */
		0FD6A03A2F2EEDA400B0F4B6 /* Frameworks */ = {
			isa = PBXFrameworksBuildPhase;
			buildActionMask = 2147483647;
			files = (
			);
			runOnlyForDeploymentPostprocessing = 0;
		};
		0FD6A0472F2EEDA500B0F4B6 /* Frameworks */ = {
			isa = PBXFrameworksBuildPhase;
			buildActionMask = 2147483647;
			files = (
			);
			runOnlyForDeploymentPostprocessing = 0;
		};
		0FD6A0512F2EEDA500B0F4B6 /* Frameworks */ = {
			isa = PBXFrameworksBuildPhase;
			buildActionMask = 2147483647;
			files = (
			);
			runOnlyForDeploymentPostprocessing = 0;
		};
/* End PBXFrameworksBuildPhase section */

/* Begin PBXGroup section */
		0FD6A0342F2EEDA400B0F4B6 = {
			isa = PBXGroup;
			children = (
				0FD6A03F2F2EEDA400B0F4B6 /* SubStamp */,
				0FD6A04D2F2EEDA500B0F4B6 /* SubStampTests */,
				0FD6A0572F2EEDA500B0F4B6 /* SubStampUITests */,
				0FD6A03E2F2EEDA400B0F4B6 /* Products */,
			);
			sourceTree = "<group>";
		};
		0FD6A03E2F2EEDA400B0F4B6 /* Products */ = {
			isa = PBXGroup;
			children = (
				0FD6A03D2F2EEDA400B0F4B6 /* SubStamp.app */,
				0FD6A04A2F2EEDA500B0F4B6 /* SubStampTests.xctest */,
				0FD6A0542F2EEDA500B0F4B6 /* SubStampUITests.xctest */,
			);
			name = Products;
			sourceTree = "<group>";
		};
/* End PBXGroup section */

/* Begin PBXNativeTarget section */
		0FD6A03C2F2EEDA400B0F4B6 /* SubStamp */ = {
			isa = PBXNativeTarget;
			buildConfigurationList = 0FD6A05E2F2EEDA500B0F4B6 /* Build configuration list for PBXNativeTarget "SubStamp" */;
			buildPhases = (
				0FD6A0392F2EEDA400B0F4B6 /* Sources */,
				0FD6A03A2F2EEDA400B0F4B6 /* Frameworks */,
				0FD6A03B2F2EEDA400B0F4B6 /* Resources */,
			);
			buildRules = (
			);
			dependencies = (
			);
			fileSystemSynchronizedGroups = (
				0FD6A03F2F2EEDA400B0F4B6 /* SubStamp */,
			);
			name = SubStamp;
			packageProductDependencies = (
			);
			productName = SubStamp;
			productReference = 0FD6A03D2F2EEDA400B0F4B6 /* SubStamp.app */;
			productType = "com.apple.product-type.application";
		};
		0FD6A0492F2EEDA500B0F4B6 /* SubStampTests */ = {
			isa = PBXNativeTarget;
			buildConfigurationList = 0FD6A0612F2EEDA500B0F4B6 /* Build configuration list for PBXNativeTarget "SubStampTests" */;
			buildPhases = (
				0FD6A0462F2EEDA500B0F4B6 /* Sources */,
				0FD6A0472F2EEDA500B0F4B6 /* Frameworks */,
				0FD6A0482F2EEDA500B0F4B6 /* Resources */,
			);
			buildRules = (
			);
			dependencies = (
				0FD6A04C2F2EEDA500B0F4B6 /* PBXTargetDependency */,
			);
			fileSystemSynchronizedGroups = (
				0FD6A04D2F2EEDA500B0F4B6 /* SubStampTests */,
			);
			name = SubStampTests;
			packageProductDependencies = (
			);
			productName = SubStampTests;
			productReference = 0FD6A04A2F2EEDA500B0F4B6 /* SubStampTests.xctest */;
			productType = "com.apple.product-type.bundle.unit-test";
		};
		0FD6A0532F2EEDA500B0F4B6 /* SubStampUITests */ = {
			isa = PBXNativeTarget;
			buildConfigurationList = 0FD6A0642F2EEDA500B0F4B6 /* Build configuration list for PBXNativeTarget "SubStampUITests" */;
			buildPhases = (
				0FD6A0502F2EEDA500B0F4B6 /* Sources */,
				0FD6A0512F2EEDA500B0F4B6 /* Frameworks */,
				0FD6A0522F2EEDA500B0F4B6 /* Resources */,
			);
			buildRules = (
			);
			dependencies = (
				0FD6A0562F2EEDA500B0F4B6 /* PBXTargetDependency */,
			);
			fileSystemSynchronizedGroups = (
				0FD6A0572F2EEDA500B0F4B6 /* SubStampUITests */,
			);
			name = SubStampUITests;
			packageProductDependencies = (
			);
			productName = SubStampUITests;
			productReference = 0FD6A0542F2EEDA500B0F4B6 /* SubStampUITests.xctest */;
			productType = "com.apple.product-type.bundle.ui-testing";
		};
/* End PBXNativeTarget section */

/* Begin PBXProject section */
		0FD6A0352F2EEDA400B0F4B6 /* Project object */ = {
			isa = PBXProject;
			attributes = {
				BuildIndependentTargetsInParallel = 1;
				LastSwiftUpdateCheck = 2620;
				LastUpgradeCheck = 2620;
				TargetAttributes = {
					0FD6A03C2F2EEDA400B0F4B6 = {
						CreatedOnToolsVersion = 26.2;
					};
					0FD6A0492F2EEDA500B0F4B6 = {
						CreatedOnToolsVersion = 26.2;
						TestTargetID = 0FD6A03C2F2EEDA400B0F4B6;
					};
					0FD6A0532F2EEDA500B0F4B6 = {
						CreatedOnToolsVersion = 26.2;
						TestTargetID = 0FD6A03C2F2EEDA400B0F4B6;
					};
				};
			};
			buildConfigurationList = 0FD6A0382F2EEDA400B0F4B6 /* Build configuration list for PBXProject "SubStamp" */;
			developmentRegion = en;
			hasScannedForEncodings = 0;
			knownRegions = (
				en,
				Base,
				"zh-Hans",
				ko,
				ja,
			);
			mainGroup = 0FD6A0342F2EEDA400B0F4B6;
			minimizedProjectReferenceProxies = 1;
			preferredProjectObjectVersion = 77;
			productRefGroup = 0FD6A03E2F2EEDA400B0F4B6 /* Products */;
			projectDirPath = "";
			projectRoot = "";
			targets = (
				0FD6A03C2F2EEDA400B0F4B6 /* SubStamp */,
				0FD6A0492F2EEDA500B0F4B6 /* SubStampTests */,
				0FD6A0532F2EEDA500B0F4B6 /* SubStampUITests */,
			);
		};
/* End PBXProject section */

/* Begin PBXResourcesBuildPhase section */
		0FD6A03B2F2EEDA400B0F4B6 /* Resources */ = {
			isa = PBXResourcesBuildPhase;
			buildActionMask = 2147483647;
			files = (
			);
			runOnlyForDeploymentPostprocessing = 0;
		};
		0FD6A0482F2EEDA500B0F4B6 /* Resources */ = {
			isa = PBXResourcesBuildPhase;
			buildActionMask = 2147483647;
			files = (
			);
			runOnlyForDeploymentPostprocessing = 0;
		};
		0FD6A0522F2EEDA500B0F4B6 /* Resources */ = {
			isa = PBXResourcesBuildPhase;
			buildActionMask = 2147483647;
			files = (
			);
			runOnlyForDeploymentPostprocessing = 0;
		};
/* End PBXResourcesBuildPhase section */

/* Begin PBXSourcesBuildPhase section */
		0FD6A0392F2EEDA400B0F4B6 /* Sources */ = {
			isa = PBXSourcesBuildPhase;
			buildActionMask = 2147483647;
			files = (
			);
			runOnlyForDeploymentPostprocessing = 0;
		};
		0FD6A0462F2EEDA500B0F4B6 /* Sources */ = {
			isa = PBXSourcesBuildPhase;
			buildActionMask = 2147483647;
			files = (
			);
			runOnlyForDeploymentPostprocessing = 0;
		};
		0FD6A0502F2EEDA500B0F4B6 /* Sources */ = {
			isa = PBXSourcesBuildPhase;
			buildActionMask = 2147483647;
			files = (
			);
			runOnlyForDeploymentPostprocessing = 0;
		};
/* End PBXSourcesBuildPhase section */

/* Begin PBXTargetDependency section */
		0FD6A04C2F2EEDA500B0F4B6 /* PBXTargetDependency */ = {
			isa = PBXTargetDependency;
			target = 0FD6A03C2F2EEDA400B0F4B6 /* SubStamp */;
			targetProxy = 0FD6A04B2F2EEDA500B0F4B6 /* PBXContainerItemProxy */;
		};
		0FD6A0562F2EEDA500B0F4B6 /* PBXTargetDependency */ = {
			isa = PBXTargetDependency;
			target = 0FD6A03C2F2EEDA400B0F4B6 /* SubStamp */;
			targetProxy = 0FD6A0552F2EEDA500B0F4B6 /* PBXContainerItemProxy */;
		};
/* End PBXTargetDependency section */

/* Begin XCBuildConfiguration section */
		0FD6A05C2F2EEDA500B0F4B6 /* Debug */ = {
			isa = XCBuildConfiguration;
			buildSettings = {
				ALWAYS_SEARCH_USER_PATHS = NO;
				ASSETCATALOG_COMPILER_GENERATE_SWIFT_ASSET_SYMBOL_EXTENSIONS = YES;
				CLANG_ANALYZER_NONNULL = YES;
				CLANG_ANALYZER_NUMBER_OBJECT_CONVERSION = YES_AGGRESSIVE;
				CLANG_CXX_LANGUAGE_STANDARD = "gnu++20";
				CLANG_ENABLE_MODULES = YES;
				CLANG_ENABLE_OBJC_ARC = YES;
				CLANG_ENABLE_OBJC_WEAK = YES;
				CLANG_WARN_BLOCK_CAPTURE_AUTORELEASING = YES;
				CLANG_WARN_BOOL_CONVERSION = YES;
				CLANG_WARN_COMMA = YES;
				CLANG_WARN_CONSTANT_CONVERSION = YES;
				CLANG_WARN_DEPRECATED_OBJC_IMPLEMENTATIONS = YES;
				CLANG_WARN_DIRECT_OBJC_ISA_USAGE = YES_ERROR;
				CLANG_WARN_DOCUMENTATION_COMMENTS = YES;
				CLANG_WARN_EMPTY_BODY = YES;
				CLANG_WARN_ENUM_CONVERSION = YES;
				CLANG_WARN_INFINITE_RECURSION = YES;
				CLANG_WARN_INT_CONVERSION = YES;
				CLANG_WARN_NON_LITERAL_NULL_CONVERSION = YES;
				CLANG_WARN_OBJC_IMPLICIT_RETAIN_SELF = YES;
				CLANG_WARN_OBJC_LITERAL_CONVERSION = YES;
				CLANG_WARN_OBJC_ROOT_CLASS = YES_ERROR;
				CLANG_WARN_QUOTED_INCLUDE_IN_FRAMEWORK_HEADER = YES;
				CLANG_WARN_RANGE_LOOP_ANALYSIS = YES;
				CLANG_WARN_STRICT_PROTOTYPES = YES;
				CLANG_WARN_SUSPICIOUS_MOVE = YES;
				CLANG_WARN_UNGUARDED_AVAILABILITY = YES_AGGRESSIVE;
				CLANG_WARN_UNREACHABLE_CODE = YES;
				CLANG_WARN__DUPLICATE_METHOD_MATCH = YES;
				COPY_PHASE_STRIP = NO;
				DEBUG_INFORMATION_FORMAT = dwarf;
				DEVELOPMENT_TEAM = HPL74FCW8E;
				ENABLE_STRICT_OBJC_MSGSEND = YES;
				ENABLE_TESTABILITY = YES;
				ENABLE_USER_SCRIPT_SANDBOXING = YES;
				GCC_C_LANGUAGE_STANDARD = gnu17;
				GCC_DYNAMIC_NO_PIC = NO;
				GCC_NO_COMMON_BLOCKS = YES;
				GCC_OPTIMIZATION_LEVEL = 0;
				GCC_PREPROCESSOR_DEFINITIONS = (
					"DEBUG=1",
					"$(inherited)",
				);
				GCC_WARN_64_TO_32_BIT_CONVERSION = YES;
				GCC_WARN_ABOUT_RETURN_TYPE = YES_ERROR;
				GCC_WARN_UNDECLARED_SELECTOR = YES;
				GCC_WARN_UNINITIALIZED_AUTOS = YES_AGGRESSIVE;
				GCC_WARN_UNUSED_FUNCTION = YES;
				GCC_WARN_UNUSED_VARIABLE = YES;
				IPHONEOS_DEPLOYMENT_TARGET = 26.0;
				LOCALIZATION_PREFERS_STRING_CATALOGS = YES;
				MTL_ENABLE_DEBUG_INFO = INCLUDE_SOURCE;
				MTL_FAST_MATH = YES;
				ONLY_ACTIVE_ARCH = YES;
				SDKROOT = iphoneos;
				SWIFT_ACTIVE_COMPILATION_CONDITIONS = "DEBUG $(inherited)";
				SWIFT_OPTIMIZATION_LEVEL = "-Onone";
			};
			name = Debug;
		};
		0FD6A05D2F2EEDA500B0F4B6 /* Release */ = {
			isa = XCBuildConfiguration;
			buildSettings = {
				ALWAYS_SEARCH_USER_PATHS = NO;
				ASSETCATALOG_COMPILER_GENERATE_SWIFT_ASSET_SYMBOL_EXTENSIONS = YES;
				CLANG_ANALYZER_NONNULL = YES;
				CLANG_ANALYZER_NUMBER_OBJECT_CONVERSION = YES_AGGRESSIVE;
				CLANG_CXX_LANGUAGE_STANDARD = "gnu++20";
				CLANG_ENABLE_MODULES = YES;
				CLANG_ENABLE_OBJC_ARC = YES;
				CLANG_ENABLE_OBJC_WEAK = YES;
				CLANG_WARN_BLOCK_CAPTURE_AUTORELEASING = YES;
				CLANG_WARN_BOOL_CONVERSION = YES;
				CLANG_WARN_COMMA = YES;
				CLANG_WARN_CONSTANT_CONVERSION = YES;
				CLANG_WARN_DEPRECATED_OBJC_IMPLEMENTATIONS = YES;
				CLANG_WARN_DIRECT_OBJC_ISA_USAGE = YES_ERROR;
				CLANG_WARN_DOCUMENTATION_COMMENTS = YES;
				CLANG_WARN_EMPTY_BODY = YES;
				CLANG_WARN_ENUM_CONVERSION = YES;
				CLANG_WARN_INFINITE_RECURSION = YES;
				CLANG_WARN_INT_CONVERSION = YES;
				CLANG_WARN_NON_LITERAL_NULL_CONVERSION = YES;
				CLANG_WARN_OBJC_IMPLICIT_RETAIN_SELF = YES;
				CLANG_WARN_OBJC_LITERAL_CONVERSION = YES;
				CLANG_WARN_OBJC_ROOT_CLASS = YES_ERROR;
				CLANG_WARN_QUOTED_INCLUDE_IN_FRAMEWORK_HEADER = YES;
				CLANG_WARN_RANGE_LOOP_ANALYSIS = YES;
				CLANG_WARN_STRICT_PROTOTYPES = YES;
				CLANG_WARN_SUSPICIOUS_MOVE = YES;
				CLANG_WARN_UNGUARDED_AVAILABILITY = YES_AGGRESSIVE;
				CLANG_WARN_UNREACHABLE_CODE = YES;
				CLANG_WARN__DUPLICATE_METHOD_MATCH = YES;
				COPY_PHASE_STRIP = NO;
				DEBUG_INFORMATION_FORMAT = "dwarf-with-dsym";
				DEVELOPMENT_TEAM = HPL74FCW8E;
				ENABLE_NS_ASSERTIONS = NO;
				ENABLE_STRICT_OBJC_MSGSEND = YES;
				ENABLE_USER_SCRIPT_SANDBOXING = YES;
				GCC_C_LANGUAGE_STANDARD = gnu17;
				GCC_NO_COMMON_BLOCKS = YES;
				GCC_WARN_64_TO_32_BIT_CONVERSION = YES;
				GCC_WARN_ABOUT_RETURN_TYPE = YES_ERROR;
				GCC_WARN_UNDECLARED_SELECTOR = YES;
				GCC_WARN_UNINITIALIZED_AUTOS = YES_AGGRESSIVE;
				GCC_WARN_UNUSED_FUNCTION = YES;
				GCC_WARN_UNUSED_VARIABLE = YES;
				IPHONEOS_DEPLOYMENT_TARGET = 26.0;
				LOCALIZATION_PREFERS_STRING_CATALOGS = YES;
				MTL_ENABLE_DEBUG_INFO = NO;
				MTL_FAST_MATH = YES;
				SDKROOT = iphoneos;
				SWIFT_COMPILATION_MODE = wholemodule;
				VALIDATE_PRODUCT = YES;
			};
			name = Release;
		};
		0FD6A05F2F2EEDA500B0F4B6 /* Debug */ = {
			isa = XCBuildConfiguration;
			buildSettings = {
				ASSETCATALOG_COMPILER_APPICON_NAME = AppIcon;
				ASSETCATALOG_COMPILER_GLOBAL_ACCENT_COLOR_NAME = AccentColor;
				CODE_SIGN_STYLE = Automatic;
				CURRENT_PROJECT_VERSION = 19;
				DEVELOPMENT_TEAM = HPL74FCW8E;
				ENABLE_PREVIEWS = YES;
				GENERATE_INFOPLIST_FILE = YES;
				INFOPLIST_KEY_BGTaskSchedulerPermittedIdentifiers = "com.huanglisen.SubStamp.processing.*";
				INFOPLIST_KEY_LSApplicationCategoryType = "public.app-category.video";
				INFOPLIST_KEY_NSMicrophoneUsageDescription = "Required for speech recognition.";
				INFOPLIST_KEY_NSPhotoLibraryAddUsageDescription = "Save your subtitled video to Photos.";
				INFOPLIST_KEY_NSSpeechRecognitionUsageDescription = "Required to transcribe video audio to subtitles.";
				INFOPLIST_KEY_UIApplicationSceneManifest_Generation = YES;
				INFOPLIST_KEY_UIApplicationSupportsIndirectInputEvents = YES;
				INFOPLIST_KEY_UIBackgroundModes = processing;
				INFOPLIST_KEY_UILaunchScreen_Generation = YES;
				INFOPLIST_KEY_UISupportedInterfaceOrientations = UIInterfaceOrientationPortrait;
				INFOPLIST_KEY_UISupportedInterfaceOrientations_iPad = "UIInterfaceOrientationLandscapeLeft UIInterfaceOrientationLandscapeRight UIInterfaceOrientationPortrait UIInterfaceOrientationPortraitUpsideDown";
				LD_RUNPATH_SEARCH_PATHS = (
					"$(inherited)",
					"@executable_path/Frameworks",
				);
				MARKETING_VERSION = 1.7.0;
				PRODUCT_BUNDLE_IDENTIFIER = com.huanglisen.SubStamp;
				PRODUCT_NAME = "$(TARGET_NAME)";
				STRING_CATALOG_GENERATE_SYMBOLS = YES;
				SWIFT_APPROACHABLE_CONCURRENCY = YES;
				SWIFT_DEFAULT_ACTOR_ISOLATION = MainActor;
				SWIFT_EMIT_LOC_STRINGS = YES;
				SWIFT_UPCOMING_FEATURE_MEMBER_IMPORT_VISIBILITY = YES;
				SWIFT_VERSION = 6.0;
				TARGETED_DEVICE_FAMILY = "1,2";
			};
			name = Debug;
		};
		0FD6A0602F2EEDA500B0F4B6 /* Release */ = {
			isa = XCBuildConfiguration;
			buildSettings = {
				ASSETCATALOG_COMPILER_APPICON_NAME = AppIcon;
				ASSETCATALOG_COMPILER_GLOBAL_ACCENT_COLOR_NAME = AccentColor;
				CODE_SIGN_STYLE = Automatic;
				CURRENT_PROJECT_VERSION = 19;
				DEVELOPMENT_TEAM = HPL74FCW8E;
				ENABLE_PREVIEWS = YES;
				GENERATE_INFOPLIST_FILE = YES;
				INFOPLIST_KEY_BGTaskSchedulerPermittedIdentifiers = "com.huanglisen.SubStamp.processing.*";
				INFOPLIST_KEY_LSApplicationCategoryType = "public.app-category.video";
				INFOPLIST_KEY_NSMicrophoneUsageDescription = "Required for speech recognition.";
				INFOPLIST_KEY_NSPhotoLibraryAddUsageDescription = "Save your subtitled video to Photos.";
				INFOPLIST_KEY_NSSpeechRecognitionUsageDescription = "Required to transcribe video audio to subtitles.";
				INFOPLIST_KEY_UIApplicationSceneManifest_Generation = YES;
				INFOPLIST_KEY_UIApplicationSupportsIndirectInputEvents = YES;
				INFOPLIST_KEY_UIBackgroundModes = processing;
				INFOPLIST_KEY_UILaunchScreen_Generation = YES;
				INFOPLIST_KEY_UISupportedInterfaceOrientations = UIInterfaceOrientationPortrait;
				INFOPLIST_KEY_UISupportedInterfaceOrientations_iPad = "UIInterfaceOrientationLandscapeLeft UIInterfaceOrientationLandscapeRight UIInterfaceOrientationPortrait UIInterfaceOrientationPortraitUpsideDown";
				LD_RUNPATH_SEARCH_PATHS = (
					"$(inherited)",
					"@executable_path/Frameworks",
				);
				MARKETING_VERSION = 1.7.0;
				PRODUCT_BUNDLE_IDENTIFIER = com.huanglisen.SubStamp;
				PRODUCT_NAME = "$(TARGET_NAME)";
				STRING_CATALOG_GENERATE_SYMBOLS = YES;
				SWIFT_APPROACHABLE_CONCURRENCY = YES;
				SWIFT_DEFAULT_ACTOR_ISOLATION = MainActor;
				SWIFT_EMIT_LOC_STRINGS = YES;
				SWIFT_UPCOMING_FEATURE_MEMBER_IMPORT_VISIBILITY = YES;
				SWIFT_VERSION = 6.0;
				TARGETED_DEVICE_FAMILY = "1,2";
			};
			name = Release;
		};
		0FD6A0622F2EEDA500B0F4B6 /* Debug */ = {
			isa = XCBuildConfiguration;
			buildSettings = {
				BUNDLE_LOADER = "$(TEST_HOST)";
				CODE_SIGN_STYLE = Automatic;
				CURRENT_PROJECT_VERSION = 19;
				DEVELOPMENT_TEAM = HPL74FCW8E;
				GENERATE_INFOPLIST_FILE = YES;
				IPHONEOS_DEPLOYMENT_TARGET = 26.0;
				MARKETING_VERSION = 1.7.0;
				PRODUCT_BUNDLE_IDENTIFIER = com.huanglisen.SubStampTests;
				PRODUCT_NAME = "$(TARGET_NAME)";
				STRING_CATALOG_GENERATE_SYMBOLS = NO;
				SWIFT_APPROACHABLE_CONCURRENCY = YES;
				SWIFT_EMIT_LOC_STRINGS = NO;
				SWIFT_UPCOMING_FEATURE_MEMBER_IMPORT_VISIBILITY = YES;
				SWIFT_VERSION = 6.0;
				TARGETED_DEVICE_FAMILY = "1,2";
				TEST_HOST = "$(BUILT_PRODUCTS_DIR)/SubStamp.app/$(BUNDLE_EXECUTABLE_FOLDER_PATH)/SubStamp";
			};
			name = Debug;
		};
		0FD6A0632F2EEDA500B0F4B6 /* Release */ = {
			isa = XCBuildConfiguration;
			buildSettings = {
				BUNDLE_LOADER = "$(TEST_HOST)";
				CODE_SIGN_STYLE = Automatic;
				CURRENT_PROJECT_VERSION = 19;
				DEVELOPMENT_TEAM = HPL74FCW8E;
				GENERATE_INFOPLIST_FILE = YES;
				IPHONEOS_DEPLOYMENT_TARGET = 26.0;
				MARKETING_VERSION = 1.7.0;
				PRODUCT_BUNDLE_IDENTIFIER = com.huanglisen.SubStampTests;
				PRODUCT_NAME = "$(TARGET_NAME)";
				STRING_CATALOG_GENERATE_SYMBOLS = NO;
				SWIFT_APPROACHABLE_CONCURRENCY = YES;
				SWIFT_EMIT_LOC_STRINGS = NO;
				SWIFT_UPCOMING_FEATURE_MEMBER_IMPORT_VISIBILITY = YES;
				SWIFT_VERSION = 6.0;
				TARGETED_DEVICE_FAMILY = "1,2";
				TEST_HOST = "$(BUILT_PRODUCTS_DIR)/SubStamp.app/$(BUNDLE_EXECUTABLE_FOLDER_PATH)/SubStamp";
			};
			name = Release;
		};
		0FD6A0652F2EEDA500B0F4B6 /* Debug */ = {
			isa = XCBuildConfiguration;
			buildSettings = {
				CODE_SIGN_STYLE = Automatic;
				CURRENT_PROJECT_VERSION = 19;
				DEVELOPMENT_TEAM = HPL74FCW8E;
				GENERATE_INFOPLIST_FILE = YES;
				MARKETING_VERSION = 1.7.0;
				PRODUCT_BUNDLE_IDENTIFIER = com.huanglisen.SubStampUITests;
				PRODUCT_NAME = "$(TARGET_NAME)";
				STRING_CATALOG_GENERATE_SYMBOLS = NO;
				SWIFT_APPROACHABLE_CONCURRENCY = YES;
				SWIFT_EMIT_LOC_STRINGS = NO;
				SWIFT_UPCOMING_FEATURE_MEMBER_IMPORT_VISIBILITY = YES;
				SWIFT_VERSION = 6.0;
				TARGETED_DEVICE_FAMILY = "1,2";
				TEST_TARGET_NAME = SubStamp;
			};
			name = Debug;
		};
		0FD6A0662F2EEDA500B0F4B6 /* Release */ = {
			isa = XCBuildConfiguration;
			buildSettings = {
				CODE_SIGN_STYLE = Automatic;
				CURRENT_PROJECT_VERSION = 19;
				DEVELOPMENT_TEAM = HPL74FCW8E;
				GENERATE_INFOPLIST_FILE = YES;
				MARKETING_VERSION = 1.7.0;
				PRODUCT_BUNDLE_IDENTIFIER = com.huanglisen.SubStampUITests;
				PRODUCT_NAME = "$(TARGET_NAME)";
				STRING_CATALOG_GENERATE_SYMBOLS = NO;
				SWIFT_APPROACHABLE_CONCURRENCY = YES;
				SWIFT_EMIT_LOC_STRINGS = NO;
				SWIFT_UPCOMING_FEATURE_MEMBER_IMPORT_VISIBILITY = YES;
				SWIFT_VERSION = 6.0;
				TARGETED_DEVICE_FAMILY = "1,2";
				TEST_TARGET_NAME = SubStamp;
			};
			name = Release;
		};
/* End XCBuildConfiguration section */

/* Begin XCConfigurationList section */
		0FD6A0382F2EEDA400B0F4B6 /* Build configuration list for PBXProject "SubStamp" */ = {
			isa = XCConfigurationList;
			buildConfigurations = (
				0FD6A05C2F2EEDA500B0F4B6 /* Debug */,
				0FD6A05D2F2EEDA500B0F4B6 /* Release */,
			);
			defaultConfigurationIsVisible = 0;
			defaultConfigurationName = Release;
		};
		0FD6A05E2F2EEDA500B0F4B6 /* Build configuration list for PBXNativeTarget "SubStamp" */ = {
			isa = XCConfigurationList;
			buildConfigurations = (
				0FD6A05F2F2EEDA500B0F4B6 /* Debug */,
				0FD6A0602F2EEDA500B0F4B6 /* Release */,
			);
			defaultConfigurationIsVisible = 0;
			defaultConfigurationName = Release;
		};
		0FD6A0612F2EEDA500B0F4B6 /* Build configuration list for PBXNativeTarget "SubStampTests" */ = {
			isa = XCConfigurationList;
			buildConfigurations = (
				0FD6A0622F2EEDA500B0F4B6 /* Debug */,
				0FD6A0632F2EEDA500B0F4B6 /* Release */,
			);
			defaultConfigurationIsVisible = 0;
			defaultConfigurationName = Release;
		};
		0FD6A0642F2EEDA500B0F4B6 /* Build configuration list for PBXNativeTarget "SubStampUITests" */ = {
			isa = XCConfigurationList;
			buildConfigurations = (
				0FD6A0652F2EEDA500B0F4B6 /* Debug */,
				0FD6A0662F2EEDA500B0F4B6 /* Release */,
			);
			defaultConfigurationIsVisible = 0;
			defaultConfigurationName = Release;
		};
/* End XCConfigurationList section */
	};
	rootObject = 0FD6A0352F2EEDA400B0F4B6 /* Project object */;
}
